// !$*UTF8*$!
{
	archiveVersion = 1;
	classes = {
	};
	objectVersion = 46;
	objects = {

/* Begin PBXBuildFile section */
		3B6A4D261BBCB39300C23CE9 /* main.m in Sources */ = {isa = PBXBuildFile; fileRef = 3B6A4D251BBCB39300C23CE9 /* main.m */; };
		3B6A4D291BBCB39300C23CE9 /* AppDelegate.m in Sources */ = {isa = PBXBuildFile; fileRef = 3B6A4D281BBCB39300C23CE9 /* AppDelegate.m */; };
		3B6A4D2C1BBCB39300C23CE9 /* ViewController.m in Sources */ = {isa = PBXBuildFile; fileRef = 3B6A4D2B1BBCB39300C23CE9 /* ViewController.m */; };
		3B6A4D2F1BBCB39300C23CE9 /* Main.storyboard in Resources */ = {isa = PBXBuildFile; fileRef = 3B6A4D2D1BBCB39300C23CE9 /* Main.storyboard */; };
		3B6A4D311BBCB39300C23CE9 /* Assets.xcassets in Resources */ = {isa = PBXBuildFile; fileRef = 3B6A4D301BBCB39300C23CE9 /* Assets.xcassets */; };
		3B6A4D341BBCB39300C23CE9 /* LaunchScreen.storyboard in Resources */ = {isa = PBXBuildFile; fileRef = 3B6A4D321BBCB39300C23CE9 /* LaunchScreen.storyboard */; };
		3B6A4D3F1BBCB39300C23CE9 /* UnitConverterCTests.m in Sources */ = {isa = PBXBuildFile; fileRef = 3B6A4D3E1BBCB39300C23CE9 /* UnitConverterCTests.m */; };
		3B6A4D4A1BBCB39300C23CE9 /* UnitConverterCUITests.m in Sources */ = {isa = PBXBuildFile; fileRef = 3B6A4D491BBCB39300C23CE9 /* UnitConverterCUITests.m */; };
/* End PBXBuildFile section */

/* Begin PBXContainerItemProxy section */
		3B6A4D3B1BBCB39300C23CE9 /* PBXContainerItemProxy */ = {
			isa = PBXContainerItemProxy;
			containerPortal = 3B6A4D191BBCB39300C23CE9 /* Project object */;
			proxyType = 1;
			remoteGlobalIDString = 3B6A4D201BBCB39300C23CE9;
			remoteInfo = UnitConverterC;
		};
		3B6A4D461BBCB39300C23CE9 /* PBXContainerItemProxy */ = {
			isa = PBXContainerItemProxy;
			containerPortal = 3B6A4D191BBCB39300C23CE9 /* Project object */;
			proxyType = 1;
			remoteGlobalIDString = 3B6A4D201BBCB39300C23CE9;
			remoteInfo = UnitConverterC;
		};
/* End PBXContainerItemProxy section */

/* Begin PBXFileReference section */
		3B6A4D211BBCB39300C23CE9 /* UnitConverterC.app */ = {isa = PBXFileReference; explicitFileType = wrapper.application; includeInIndex = 0; path = UnitConverterC.app; sourceTree = BUILT_PRODUCTS_DIR; };
		3B6A4D251BBCB39300C23CE9 /* main.m */ = {isa = PBXFileReference; lastKnownFileType = sourcecode.c.objc; path = main.m; sourceTree = "<group>"; };
		3B6A4D271BBCB39300C23CE9 /* AppDelegate.h */ = {isa = PBXFileReference; lastKnownFileType = sourcecode.c.h; path = AppDelegate.h; sourceTree = "<group>"; };
		3B6A4D281BBCB39300C23CE9 /* AppDelegate.m */ = {isa = PBXFileReference; lastKnownFileType = sourcecode.c.objc; path = AppDelegate.m; sourceTree = "<group>"; };
		3B6A4D2A1BBCB39300C23CE9 /* ViewController.h */ = {isa = PBXFileReference; lastKnownFileType = sourcecode.c.h; path = ViewController.h; sourceTree = "<group>"; };
		3B6A4D2B1BBCB39300C23CE9 /* ViewController.m */ = {isa = PBXFileReference; lastKnownFileType = sourcecode.c.objc; path = ViewController.m; sourceTree = "<group>"; };
		3B6A4D2E1BBCB39300C23CE9 /* Base */ = {isa = PBXFileReference; lastKnownFileType = file.storyboard; name = Base; path = Base.lproj/Main.storyboard; sourceTree = "<group>"; };
		3B6A4D301BBCB39300C23CE9 /* Assets.xcassets */ = {isa = PBXFileReference; lastKnownFileType = folder.assetcatalog; path = Assets.xcassets; sourceTree = "<group>"; };
		3B6A4D331BBCB39300C23CE9 /* Base */ = {isa = PBXFileReference; lastKnownFileType = file.storyboard; name = Base; path = Base.lproj/LaunchScreen.storyboard; sourceTree = "<group>"; };
		3B6A4D351BBCB39300C23CE9 /* Info.plist */ = {isa = PBXFileReference; lastKnownFileType = text.plist.xml; path = Info.plist; sourceTree = "<group>"; };
		3B6A4D3A1BBCB39300C23CE9 /* UnitConverterCTests.xctest */ = {isa = PBXFileReference; explicitFileType = wrapper.cfbundle; includeInIndex = 0; path = UnitConverterCTests.xctest; sourceTree = BUILT_PRODUCTS_DIR; };
		3B6A4D3E1BBCB39300C23CE9 /* UnitConverterCTests.m */ = {isa = PBXFileReference; lastKnownFileType = sourcecode.c.objc; path = UnitConverterCTests.m; sourceTree = "<group>"; };
		3B6A4D401BBCB39300C23CE9 /* Info.plist */ = {isa = PBXFileReference; lastKnownFileType = text.plist.xml; path = Info.plist; sourceTree = "<group>"; };
		3B6A4D451BBCB39300C23CE9 /* UnitConverterCUITests.xctest */ = {isa = PBXFileReference; explicitFileType = wrapper.cfbundle; includeInIndex = 0; path = UnitConverterCUITests.xctest; sourceTree = BUILT_PRODUCTS_DIR; };
		3B6A4D491BBCB39300C23CE9 /* UnitConverterCUITests.m */ = {isa = PBXFileReference; lastKnownFileType = sourcecode.c.objc; path = UnitConverterCUITests.m; sourceTree = "<group>"; };
		3B6A4D4B1BBCB39300C23CE9 /* Info.plist */ = {isa = PBXFileReference; lastKnownFileType = text.plist.xml; path = Info.plist; sourceTree = "<group>"; };
/* End PBXFileReference section */

/* Begin PBXFrameworksBuildPhase section */
		3B6A4D1E1BBCB39300C23CE9 /* Frameworks */ = {
			isa = PBXFrameworksBuildPhase;
			buildActionMask = 2147483647;
			files = (
			);
			runOnlyForDeploymentPostprocessing = 0;
		};
		3B6A4D371BBCB39300C23CE9 /* Frameworks */ = {
			isa = PBXFrameworksBuildPhase;
			buildActionMask = 2147483647;
			files = (
			);
			runOnlyForDeploymentPostprocessing = 0;
		};
		3B6A4D421BBCB39300C23CE9 /* Frameworks */ = {
			isa = PBXFrameworksBuildPhase;
			buildActionMask = 2147483647;
			files = (
			);
			runOnlyForDeploymentPostprocessing = 0;
		};
/* End PBXFrameworksBuildPhase section */

/* Begin PBXGroup section */
		3B6A4D181BBCB39300C23CE9 = {
			isa = PBXGroup;
			children = (
				3B6A4D231BBCB39300C23CE9 /* UnitConverterC */,
				3B6A4D3D1BBCB39300C23CE9 /* UnitConverterCTests */,
				3B6A4D481BBCB39300C23CE9 /* UnitConverterCUITests */,
				3B6A4D221BBCB39300C23CE9 /* Products */,
			);
			sourceTree = "<group>";
		};
		3B6A4D221BBCB39300C23CE9 /* Products */ = {
			isa = PBXGroup;
			children = (
				3B6A4D211BBCB39300C23CE9 /* UnitConverterC.app */,
				3B6A4D3A1BBCB39300C23CE9 /* UnitConverterCTests.xctest */,
				3B6A4D451BBCB39300C23CE9 /* UnitConverterCUITests.xctest */,
			);
			name = Products;
			sourceTree = "<group>";
		};
		3B6A4D231BBCB39300C23CE9 /* UnitConverterC */ = {
			isa = PBXGroup;
			children = (
				3B6A4D271BBCB39300C23CE9 /* AppDelegate.h */,
				3B6A4D281BBCB39300C23CE9 /* AppDelegate.m */,
				3B6A4D2A1BBCB39300C23CE9 /* ViewController.h */,
				3B6A4D2B1BBCB39300C23CE9 /* ViewController.m */,
				3B6A4D2D1BBCB39300C23CE9 /* Main.storyboard */,
				3B6A4D301BBCB39300C23CE9 /* Assets.xcassets */,
				3B6A4D321BBCB39300C23CE9 /* LaunchScreen.storyboard */,
				3B6A4D351BBCB39300C23CE9 /* Info.plist */,
				3B6A4D241BBCB39300C23CE9 /* Supporting Files */,
			);
			path = UnitConverterC;
			sourceTree = "<group>";
		};
		3B6A4D241BBCB39300C23CE9 /* Supporting Files */ = {
			isa = PBXGroup;
			children = (
				3B6A4D251BBCB39300C23CE9 /* main.m */,
			);
			name = "Supporting Files";
			sourceTree = "<group>";
		};
		3B6A4D3D1BBCB39300C23CE9 /* UnitConverterCTests */ = {
			isa = PBXGroup;
			children = (
				3B6A4D3E1BBCB39300C23CE9 /* UnitConverterCTests.m */,
				3B6A4D401BBCB39300C23CE9 /* Info.plist */,
			);
			path = UnitConverterCTests;
			sourceTree = "<group>";
		};
		3B6A4D481BBCB39300C23CE9 /* UnitConverterCUITests */ = {
			isa = PBXGroup;
			children = (
				3B6A4D491BBCB39300C23CE9 /* UnitConverterCUITests.m */,
				3B6A4D4B1BBCB39300C23CE9 /* Info.plist */,
			);
			path = UnitConverterCUITests;
			sourceTree = "<group>";
		};
/* End PBXGroup section */

/* Begin PBXNativeTarget section */
		3B6A4D201BBCB39300C23CE9 /* UnitConverterC */ = {
			isa = PBXNativeTarget;
			buildConfigurationList = 3B6A4D4E1BBCB39300C23CE9 /* Build configuration list for PBXNativeTarget "UnitConverterC" */;
			buildPhases = (
				3B6A4D1D1BBCB39300C23CE9 /* Sources */,
				3B6A4D1E1BBCB39300C23CE9 /* Frameworks */,
				3B6A4D1F1BBCB39300C23CE9 /* Resources */,
			);
			buildRules = (
			);
			dependencies = (
			);
			name = UnitConverterC;
			productName = UnitConverterC;
			productReference = 3B6A4D211BBCB39300C23CE9 /* UnitConverterC.app */;
			productType = "com.apple.product-type.application";
		};
		3B6A4D391BBCB39300C23CE9 /* UnitConverterCTests */ = {
			isa = PBXNativeTarget;
			buildConfigurationList = 3B6A4D511BBCB39300C23CE9 /* Build configuration list for PBXNativeTarget "UnitConverterCTests" */;
			buildPhases = (
				3B6A4D361BBCB39300C23CE9 /* Sources */,
				3B6A4D371BBCB39300C23CE9 /* Frameworks */,
				3B6A4D381BBCB39300C23CE9 /* Resources */,
			);
			buildRules = (
			);
			dependencies = (
				3B6A4D3C1BBCB39300C23CE9 /* PBXTargetDependency */,
			);
			name = UnitConverterCTests;
			productName = UnitConverterCTests;
			productReference = 3B6A4D3A1BBCB39300C23CE9 /* UnitConverterCTests.xctest */;
			productType = "com.apple.product-type.bundle.unit-test";
		};
		3B6A4D441BBCB39300C23CE9 /* UnitConverterCUITests */ = {
			isa = PBXNativeTarget;
			buildConfigurationList = 3B6A4D541BBCB39300C23CE9 /* Build configuration list for PBXNativeTarget "UnitConverterCUITests" */;
			buildPhases = (
				3B6A4D411BBCB39300C23CE9 /* Sources */,
				3B6A4D421BBCB39300C23CE9 /* Frameworks */,
				3B6A4D431BBCB39300C23CE9 /* Resources */,
			);
			buildRules = (
			);
			dependencies = (
				3B6A4D471BBCB39300C23CE9 /* PBXTargetDependency */,
			);
			name = UnitConverterCUITests;
			productName = UnitConverterCUITests;
			productReference = 3B6A4D451BBCB39300C23CE9 /* UnitConverterCUITests.xctest */;
			productType = "com.apple.product-type.bundle.ui-testing";
		};
/* End PBXNativeTarget section */

/* Begin PBXProject section */
		3B6A4D191BBCB39300C23CE9 /* Project object */ = {
			isa = PBXProject;
			attributes = {
				LastUpgradeCheck = 0710;
				ORGANIZATIONNAME = jhk;
				TargetAttributes = {
					3B6A4D201BBCB39300C23CE9 = {
						CreatedOnToolsVersion = 7.1;
					};
					3B6A4D391BBCB39300C23CE9 = {
						CreatedOnToolsVersion = 7.1;
						TestTargetID = 3B6A4D201BBCB39300C23CE9;
					};
					3B6A4D441BBCB39300C23CE9 = {
						CreatedOnToolsVersion = 7.1;
						TestTargetID = 3B6A4D201BBCB39300C23CE9;
					};
				};
			};
			buildConfigurationList = 3B6A4D1C1BBCB39300C23CE9 /* Build configuration list for PBXProject "UnitConverterC" */;
			compatibilityVersion = "Xcode 3.2";
			developmentRegion = English;
			hasScannedForEncodings = 0;
			knownRegions = (
				en,
				Base,
			);
			mainGroup = 3B6A4D181BBCB39300C23CE9;
			productRefGroup = 3B6A4D221BBCB39300C23CE9 /* Products */;
			projectDirPath = "";
			projectRoot = "";
			targets = (
				3B6A4D201BBCB39300C23CE9 /* UnitConverterC */,
				3B6A4D391BBCB39300C23CE9 /* UnitConverterCTests */,
				3B6A4D441BBCB39300C23CE9 /* UnitConverterCUITests */,
			);
		};
/* End PBXProject section */

/* Begin PBXResourcesBuildPhase section */
		3B6A4D1F1BBCB39300C23CE9 /* Resources */ = {
			isa = PBXResourcesBuildPhase;
			buildActionMask = 2147483647;
			files = (
				3B6A4D341BBCB39300C23CE9 /* LaunchScreen.storyboard in Resources */,
				3B6A4D311BBCB39300C23CE9 /* Assets.xcassets in Resources */,
				3B6A4D2F1BBCB39300C23CE9 /* Main.storyboard in Resources */,
			);
			runOnlyForDeploymentPostprocessing = 0;
		};
		3B6A4D381BBCB39300C23CE9 /* Resources */ = {
			isa = PBXResourcesBuildPhase;
			buildActionMask = 2147483647;
			files = (
			);
			runOnlyForDeploymentPostprocessing = 0;
		};
		3B6A4D431BBCB39300C23CE9 /* Resources */ = {
			isa = PBXResourcesBuildPhase;
			buildActionMask = 2147483647;
			files = (
			);
			runOnlyForDeploymentPostprocessing = 0;
		};
/* End PBXResourcesBuildPhase section */

/* Begin PBXSourcesBuildPhase section */
		3B6A4D1D1BBCB39300C23CE9 /* Sources */ = {
			isa = PBXSourcesBuildPhase;
			buildActionMask = 2147483647;
			files = (
				3B6A4D2C1BBCB39300C23CE9 /* ViewController.m in Sources */,
				3B6A4D291BBCB39300C23CE9 /* AppDelegate.m in Sources */,
				3B6A4D261BBCB39300C23CE9 /* main.m in Sources */,
			);
			runOnlyForDeploymentPostprocessing = 0;
		};
		3B6A4D361BBCB39300C23CE9 /* Sources */ = {
			isa = PBXSourcesBuildPhase;
			buildActionMask = 2147483647;
			files = (
				3B6A4D3F1BBCB39300C23CE9 /* UnitConverterCTests.m in Sources */,
			);
			runOnlyForDeploymentPostprocessing = 0;
		};
		3B6A4D411BBCB39300C23CE9 /* Sources */ = {
			isa = PBXSourcesBuildPhase;
			buildActionMask = 2147483647;
			files = (
				3B6A4D4A1BBCB39300C23CE9 /* UnitConverterCUITests.m in Sources */,
			);
			runOnlyForDeploymentPostprocessing = 0;
		};
/* End PBXSourcesBuildPhase section */

/* Begin PBXTargetDependency section */
		3B6A4D3C1BBCB39300C23CE9 /* PBXTargetDependency */ = {
			isa = PBXTargetDependency;
			target = 3B6A4D201BBCB39300C23CE9 /* UnitConverterC */;
			targetProxy = 3B6A4D3B1BBCB39300C23CE9 /* PBXContainerItemProxy */;
		};
		3B6A4D471BBCB39300C23CE9 /* PBXTargetDependency */ = {
			isa = PBXTargetDependency;
			target = 3B6A4D201BBCB39300C23CE9 /* UnitConverterC */;
			targetProxy = 3B6A4D461BBCB39300C23CE9 /* PBXContainerItemProxy */;
		};
/* End PBXTargetDependency section */

/* Begin PBXVariantGroup section */
		3B6A4D2D1BBCB39300C23CE9 /* Main.storyboard */ = {
			isa = PBXVariantGroup;
			children = (
				3B6A4D2E1BBCB39300C23CE9 /* Base */,
			);
			name = Main.storyboard;
			sourceTree = "<group>";
		};
		3B6A4D321BBCB39300C23CE9 /* LaunchScreen.storyboard */ = {
			isa = PBXVariantGroup;
			children = (
				3B6A4D331BBCB39300C23CE9 /* Base */,
			);
			name = LaunchScreen.storyboard;
			sourceTree = "<group>";
		};
/* End PBXVariantGroup section */

/* Begin XCBuildConfiguration section */
		3B6A4D4C1BBCB39300C23CE9 /* Debug */ = {
			isa = XCBuildConfiguration;
			buildSettings = {
				ALWAYS_SEARCH_USER_PATHS = NO;
				CLANG_CXX_LANGUAGE_STANDARD = "gnu++0x";
				CLANG_CXX_LIBRARY = "libc++";
				CLANG_ENABLE_MODULES = YES;
				CLANG_ENABLE_OBJC_ARC = YES;
				CLANG_WARN_BOOL_CONVERSION = YES;
				CLANG_WARN_CONSTANT_CONVERSION = YES;
				CLANG_WARN_DIRECT_OBJC_ISA_USAGE = YES_ERROR;
				CLANG_WARN_EMPTY_BODY = YES;
				CLANG_WARN_ENUM_CONVERSION = YES;
				CLANG_WARN_INT_CONVERSION = YES;
				CLANG_WARN_OBJC_ROOT_CLASS = YES_ERROR;
				CLANG_WARN_UNREACHABLE_CODE = YES;
				CLANG_WARN__DUPLICATE_METHOD_MATCH = YES;
				"CODE_SIGN_IDENTITY[sdk=iphoneos*]" = "iPhone Developer";
				COPY_PHASE_STRIP = NO;
				DEBUG_INFORMATION_FORMAT = dwarf;
				ENABLE_STRICT_OBJC_MSGSEND = YES;
				ENABLE_TESTABILITY = YES;
				GCC_C_LANGUAGE_STANDARD = gnu99;
				GCC_DYNAMIC_NO_PIC = NO;
				GCC_NO_COMMON_BLOCKS = YES;
				GCC_OPTIMIZATION_LEVEL = 0;
				GCC_PREPROCESSOR_DEFINITIONS = (
					"DEBUG=1",
					"$(inherited)",
				);
				GCC_WARN_64_TO_32_BIT_CONVERSION = YES;
				GCC_WARN_ABOUT_RETURN_TYPE = YES_ERROR;
				GCC_WARN_UNDECLARED_SELECTOR = YES;
				GCC_WARN_UNINITIALIZED_AUTOS = YES_AGGRESSIVE;
				GCC_WARN_UNUSED_FUNCTION = YES;
				GCC_WARN_UNUSED_VARIABLE = YES;
				IPHONEOS_DEPLOYMENT_TARGET = 9.1;
				MTL_ENABLE_DEBUG_INFO = YES;
				ONLY_ACTIVE_ARCH = YES;
				SDKROOT = iphoneos;
				TARGETED_DEVICE_FAMILY = "1,2";
			};
			name = Debug;
		};
		3B6A4D4D1BBCB39300C23CE9 /* Release */ = {
			isa = XCBuildConfiguration;
			buildSettings = {
				ALWAYS_SEARCH_USER_PATHS = NO;
				CLANG_CXX_LANGUAGE_STANDARD = "gnu++0x";
				CLANG_CXX_LIBRARY = "libc++";
				CLANG_ENABLE_MODULES = YES;
				CLANG_ENABLE_OBJC_ARC = YES;
				CLANG_WARN_BOOL_CONVERSION = YES;
				CLANG_WARN_CONSTANT_CONVERSION = YES;
				CLANG_WARN_DIRECT_OBJC_ISA_USAGE = YES_ERROR;
				CLANG_WARN_EMPTY_BODY = YES;
				CLANG_WARN_ENUM_CONVERSION = YES;
				CLANG_WARN_INT_CONVERSION = YES;
				CLANG_WARN_OBJC_ROOT_CLASS = YES_ERROR;
				CLANG_WARN_UNREACHABLE_CODE = YES;
				CLANG_WARN__DUPLICATE_METHOD_MATCH = YES;
				"CODE_SIGN_IDENTITY[sdk=iphoneos*]" = "iPhone Developer";
				COPY_PHASE_STRIP = NO;
				DEBUG_INFORMATION_FORMAT = "dwarf-with-dsym";
				ENABLE_NS_ASSERTIONS = NO;
				ENABLE_STRICT_OBJC_MSGSEND = YES;
				GCC_C_LANGUAGE_STANDARD = gnu99;
				GCC_NO_COMMON_BLOCKS = YES;
				GCC_WARN_64_TO_32_BIT_CONVERSION = YES;
				GCC_WARN_ABOUT_RETURN_TYPE = YES_ERROR;
				GCC_WARN_UNDECLARED_SELECTOR = YES;
				GCC_WARN_UNINITIALIZED_AUTOS = YES_AGGRESSIVE;
				GCC_WARN_UNUSED_FUNCTION = YES;
				GCC_WARN_UNUSED_VARIABLE = YES;
				IPHONEOS_DEPLOYMENT_TARGET = 9.1;
				MTL_ENABLE_DEBUG_INFO = NO;
				SDKROOT = iphoneos;
				TARGETED_DEVICE_FAMILY = "1,2";
				VALIDATE_PRODUCT = YES;
			};
			name = Release;
		};
		3B6A4D4F1BBCB39300C23CE9 /* Debug */ = {
			isa = XCBuildConfiguration;
			buildSettings = {
				ASSETCATALOG_COMPILER_APPICON_NAME = AppIcon;
				INFOPLIST_FILE = UnitConverterC/Info.plist;
				IPHONEOS_DEPLOYMENT_TARGET = 7.0;
				LD_RUNPATH_SEARCH_PATHS = "$(inherited) @executable_path/Frameworks";
				PRODUCT_BUNDLE_IDENTIFIER = induk.software.jhk.UnitConverterC;
				PRODUCT_NAME = "$(TARGET_NAME)";
			};
			name = Debug;
		};
		3B6A4D501BBCB39300C23CE9 /* Release */ = {
			isa = XCBuildConfiguration;
			buildSettings = {
				ASSETCATALOG_COMPILER_APPICON_NAME = AppIcon;
				INFOPLIST_FILE = UnitConverterC/Info.plist;
				IPHONEOS_DEPLOYMENT_TARGET = 7.0;
				LD_RUNPATH_SEARCH_PATHS = "$(inherited) @executable_path/Frameworks";
				PRODUCT_BUNDLE_IDENTIFIER = induk.software.jhk.UnitConverterC;
				PRODUCT_NAME = "$(TARGET_NAME)";
			};
			name = Release;
		};
		3B6A4D521BBCB39300C23CE9 /* Debug */ = {
			isa = XCBuildConfiguration;
			buildSettings = {
				BUNDLE_LOADER = "$(TEST_HOST)";
				INFOPLIST_FILE = UnitConverterCTests/Info.plist;
				LD_RUNPATH_SEARCH_PATHS = "$(inherited) @executable_path/Frameworks @loader_path/Frameworks";
				PRODUCT_BUNDLE_IDENTIFIER = induk.software.jhk.UnitConverterCTests;
				PRODUCT_NAME = "$(TARGET_NAME)";
				TEST_HOST = "$(BUILT_PRODUCTS_DIR)/UnitConverterC.app/UnitConverterC";
			};
			name = Debug;
		};
		3B6A4D531BBCB39300C23CE9 /* Release */ = {
			isa = XCBuildConfiguration;
			buildSettings = {
				BUNDLE_LOADER = "$(TEST_HOST)";
				INFOPLIST_FILE = UnitConverterCTests/Info.plist;
				LD_RUNPATH_SEARCH_PATHS = "$(inherited) @executable_path/Frameworks @loader_path/Frameworks";
				PRODUCT_BUNDLE_IDENTIFIER = induk.software.jhk.UnitConverterCTests;
				PRODUCT_NAME = "$(TARGET_NAME)";
				TEST_HOST = "$(BUILT_PRODUCTS_DIR)/UnitConverterC.app/UnitConverterC";
			};
			name = Release;
		};
		3B6A4D551BBCB39300C23CE9 /* Debug */ = {
			isa = XCBuildConfiguration;
			buildSettings = {
				INFOPLIST_FILE = UnitConverterCUITests/Info.plist;
				LD_RUNPATH_SEARCH_PATHS = "$(inherited) @executable_path/Frameworks @loader_path/Frameworks";
				PRODUCT_BUNDLE_IDENTIFIER = induk.software.jhk.UnitConverterCUITests;
				PRODUCT_NAME = "$(TARGET_NAME)";
				TEST_TARGET_NAME = UnitConverterC;
				USES_XCTRUNNER = YES;
			};
			name = Debug;
		};
		3B6A4D561BBCB39300C23CE9 /* Release */ = {
			isa = XCBuildConfiguration;
			buildSettings = {
				INFOPLIST_FILE = UnitConverterCUITests/Info.plist;
				LD_RUNPATH_SEARCH_PATHS = "$(inherited) @executable_path/Frameworks @loader_path/Frameworks";
				PRODUCT_BUNDLE_IDENTIFIER = induk.software.jhk.UnitConverterCUITests;
				PRODUCT_NAME = "$(TARGET_NAME)";
				TEST_TARGET_NAME = UnitConverterC;
				USES_XCTRUNNER = YES;
			};
			name = Release;
		};
/* End XCBuildConfiguration section */

/* Begin XCConfigurationList section */
		3B6A4D1C1BBCB39300C23CE9 /* Build configuration list for PBXProject "UnitConverterC" */ = {
			isa = XCConfigurationList;
			buildConfigurations = (
				3B6A4D4C1BBCB39300C23CE9 /* Debug */,
				3B6A4D4D1BBCB39300C23CE9 /* Release */,
			);
			defaultConfigurationIsVisible = 0;
			defaultConfigurationName = Release;
		};
		3B6A4D4E1BBCB39300C23CE9 /* Build configuration list for PBXNativeTarget "UnitConverterC" */ = {
			isa = XCConfigurationList;
			buildConfigurations = (
				3B6A4D4F1BBCB39300C23CE9 /* Debug */,
				3B6A4D501BBCB39300C23CE9 /* Release */,
			);
			defaultConfigurationIsVisible = 0;
		};
		3B6A4D511BBCB39300C23CE9 /* Build configuration list for PBXNativeTarget "UnitConverterCTests" */ = {
			isa = XCConfigurationList;
			buildConfigurations = (
				3B6A4D521BBCB39300C23CE9 /* Debug */,
				3B6A4D531BBCB39300C23CE9 /* Release */,
			);
			defaultConfigurationIsVisible = 0;
		};
		3B6A4D541BBCB39300C23CE9 /* Build configuration list for PBXNativeTarget "UnitConverterCUITests" */ = {
			isa = XCConfigurationList;
			buildConfigurations = (
				3B6A4D551BBCB39300C23CE9 /* Debug */,
				3B6A4D561BBCB39300C23CE9 /* Release */,
			);
			defaultConfigurationIsVisible = 0;
		};
/* End XCConfigurationList section */
	};
	rootObject = 3B6A4D191BBCB39300C23CE9 /* Project object */;
}
